
Microsoft Visual Studio Solution File, Format Version 12.00
# Visual Studio 15
VisualStudioVersion = 15.0.28307.136
MinimumVisualStudioVersion = 10.0.40219.1
Project("{FAE04EC0-301F-11D3-BF4B-00C04F79EFBC}") = "Briscola.Android", "Briscola\Briscola.Android\Briscola.Android.csproj", "{9C64B6A3-A416-4B28-BB65-D7D99374E406}"
EndProject
Project("{FAE04EC0-301F-11D3-BF4B-00C04F79EFBC}") = "Briscola.iOS", "Briscola\Briscola.iOS\Briscola.iOS.csproj", "{928115D5-BD42-4101-B943-B39137259ACF}"
EndProject
Project("{FAE04EC0-301F-11D3-BF4B-00C04F79EFBC}") = "Briscola.UWP", "Briscola\Briscola.UWP\Briscola.UWP.csproj", "{3636331F-4FD5-464A-B4DA-F5BA0F5E67CB}"
EndProject
Project("{FAE04EC0-301F-11D3-BF4B-00C04F79EFBC}") = "Briscola", "Briscola\Briscola\Briscola.csproj", "{EC0E5BBE-B2A2-43D2-9505-EA8FEDE9A056}"
EndProject
Global
	GlobalSection(SolutionConfigurationPlatforms) = preSolution
		Ad-Hoc|Any CPU = Ad-Hoc|Any CPU
		Ad-Hoc|ARM = Ad-Hoc|ARM
		Ad-Hoc|iPhone = Ad-Hoc|iPhone
		Ad-Hoc|iPhoneSimulator = Ad-Hoc|iPhoneSimulator
		Ad-Hoc|x64 = Ad-Hoc|x64
		Ad-Hoc|x86 = Ad-Hoc|x86
		AppStore|Any CPU = AppStore|Any CPU
		AppStore|ARM = AppStore|ARM
		AppStore|iPhone = AppStore|iPhone
		AppStore|iPhoneSimulator = AppStore|iPhoneSimulator
		AppStore|x64 = AppStore|x64
		AppStore|x86 = AppStore|x86
		Debug|Any CPU = Debug|Any CPU
		Debug|ARM = Debug|ARM
		Debug|iPhone = Debug|iPhone
		Debug|iPhoneSimulator = Debug|iPhoneSimulator
		Debug|x64 = Debug|x64
		Debug|x86 = Debug|x86
		Release|Any CPU = Release|Any CPU
		Release|ARM = Release|ARM
		Release|iPhone = Release|iPhone
		Release|iPhoneSimulator = Release|iPhoneSimulator
		Release|x64 = Release|x64
		Release|x86 = Release|x86
	EndGlobalSection
	GlobalSection(ProjectConfigurationPlatforms) = postSolution
		{9C64B6A3-A416-4B28-BB65-D7D99374E406}.Ad-Hoc|Any CPU.ActiveCfg = Release|Any CPU
		{9C64B6A3-A416-4B28-BB65-D7D99374E406}.Ad-Hoc|Any CPU.Build.0 = Release|Any CPU
		{9C64B6A3-A416-4B28-BB65-D7D99374E406}.Ad-Hoc|Any CPU.Deploy.0 = Release|Any CPU
		{9C64B6A3-A416-4B28-BB65-D7D99374E406}.Ad-Hoc|ARM.ActiveCfg = Release|Any CPU
		{9C64B6A3-A416-4B28-BB65-D7D99374E406}.Ad-Hoc|ARM.Build.0 = Release|Any CPU
		{9C64B6A3-A416-4B28-BB65-D7D99374E406}.Ad-Hoc|ARM.Deploy.0 = Release|Any CPU
		{9C64B6A3-A416-4B28-BB65-D7D99374E406}.Ad-Hoc|iPhone.ActiveCfg = Release|Any CPU
		{9C64B6A3-A416-4B28-BB65-D7D99374E406}.Ad-Hoc|iPhone.Build.0 = Release|Any CPU
		{9C64B6A3-A416-4B28-BB65-D7D99374E406}.Ad-Hoc|iPhone.Deploy.0 = Release|Any CPU
		{9C64B6A3-A416-4B28-BB65-D7D99374E406}.Ad-Hoc|iPhoneSimulator.ActiveCfg = Release|Any CPU
		{9C64B6A3-A416-4B28-BB65-D7D99374E406}.Ad-Hoc|iPhoneSimulator.Build.0 = Release|Any CPU
		{9C64B6A3-A416-4B28-BB65-D7D99374E406}.Ad-Hoc|iPhoneSimulator.Deploy.0 = Release|Any CPU
		{9C64B6A3-A416-4B28-BB65-D7D99374E406}.Ad-Hoc|x64.ActiveCfg = Release|Any CPU
		{9C64B6A3-A416-4B28-BB65-D7D99374E406}.Ad-Hoc|x64.Build.0 = Release|Any CPU
		{9C64B6A3-A416-4B28-BB65-D7D99374E406}.Ad-Hoc|x64.Deploy.0 = Release|Any CPU
		{9C64B6A3-A416-4B28-BB65-D7D99374E406}.Ad-Hoc|x86.ActiveCfg = Release|Any CPU
		{9C64B6A3-A416-4B28-BB65-D7D99374E406}.Ad-Hoc|x86.Build.0 = Release|Any CPU
		{9C64B6A3-A416-4B28-BB65-D7D99374E406}.Ad-Hoc|x86.Deploy.0 = Release|Any CPU
		{9C64B6A3-A416-4B28-BB65-D7D99374E406}.AppStore|Any CPU.ActiveCfg = Release|Any CPU
		{9C64B6A3-A416-4B28-BB65-D7D99374E406}.AppStore|Any CPU.Build.0 = Release|Any CPU
		{9C64B6A3-A416-4B28-BB65-D7D99374E406}.AppStore|Any CPU.Deploy.0 = Release|Any CPU
		{9C64B6A3-A416-4B28-BB65-D7D99374E406}.AppStore|ARM.ActiveCfg = Release|Any CPU
		{9C64B6A3-A416-4B28-BB65-D7D99374E406}.AppStore|ARM.Build.0 = Release|Any CPU
		{9C64B6A3-A416-4B28-BB65-D7D99374E406}.AppStore|ARM.Deploy.0 = Release|Any CPU
		{9C64B6A3-A416-4B28-BB65-D7D99374E406}.AppStore|iPhone.ActiveCfg = Release|Any CPU
		{9C64B6A3-A416-4B28-BB65-D7D99374E406}.AppStore|iPhone.Build.0 = Release|Any CPU
		{9C64B6A3-A416-4B28-BB65-D7D99374E406}.AppStore|iPhone.Deploy.0 = Release|Any CPU
		{9C64B6A3-A416-4B28-BB65-D7D99374E406}.AppStore|iPhoneSimulator.ActiveCfg = Release|Any CPU
		{9C64B6A3-A416-4B28-BB65-D7D99374E406}.AppStore|iPhoneSimulator.Build.0 = Release|Any CPU
		{9C64B6A3-A416-4B28-BB65-D7D99374E406}.AppStore|iPhoneSimulator.Deploy.0 = Release|Any CPU
		{9C64B6A3-A416-4B28-BB65-D7D99374E406}.AppStore|x64.ActiveCfg = Release|Any CPU
		{9C64B6A3-A416-4B28-BB65-D7D99374E406}.AppStore|x64.Build.0 = Release|Any CPU
		{9C64B6A3-A416-4B28-BB65-D7D99374E406}.AppStore|x64.Deploy.0 = Release|Any CPU
		{9C64B6A3-A416-4B28-BB65-D7D99374E406}.AppStore|x86.ActiveCfg = Release|Any CPU
		{9C64B6A3-A416-4B28-BB65-D7D99374E406}.AppStore|x86.Build.0 = Release|Any CPU
		{9C64B6A3-A416-4B28-BB65-D7D99374E406}.AppStore|x86.Deploy.0 = Release|Any CPU
		{9C64B6A3-A416-4B28-BB65-D7D99374E406}.Debug|Any CPU.ActiveCfg = Debug|Any CPU
		{9C64B6A3-A416-4B28-BB65-D7D99374E406}.Debug|Any CPU.Build.0 = Debug|Any CPU
		{9C64B6A3-A416-4B28-BB65-D7D99374E406}.Debug|Any CPU.Deploy.0 = Debug|Any CPU
		{9C64B6A3-A416-4B28-BB65-D7D99374E406}.Debug|ARM.ActiveCfg = Debug|Any CPU
		{9C64B6A3-A416-4B28-BB65-D7D99374E406}.Debug|ARM.Build.0 = Debug|Any CPU
		{9C64B6A3-A416-4B28-BB65-D7D99374E406}.Debug|ARM.Deploy.0 = Debug|Any CPU
		{9C64B6A3-A416-4B28-BB65-D7D99374E406}.Debug|iPhone.ActiveCfg = Debug|Any CPU
		{9C64B6A3-A416-4B28-BB65-D7D99374E406}.Debug|iPhone.Build.0 = Debug|Any CPU
		{9C64B6A3-A416-4B28-BB65-D7D99374E406}.Debug|iPhone.Deploy.0 = Debug|Any CPU
		{9C64B6A3-A416-4B28-BB65-D7D99374E406}.Debug|iPhoneSimulator.ActiveCfg = Debug|Any CPU
		{9C64B6A3-A416-4B28-BB65-D7D99374E406}.Debug|iPhoneSimulator.Build.0 = Debug|Any CPU
		{9C64B6A3-A416-4B28-BB65-D7D99374E406}.Debug|iPhoneSimulator.Deploy.0 = Debug|Any CPU
		{9C64B6A3-A416-4B28-BB65-D7D99374E406}.Debug|x64.ActiveCfg = Debug|Any CPU
		{9C64B6A3-A416-4B28-BB65-D7D99374E406}.Debug|x64.Build.0 = Debug|Any CPU
		{9C64B6A3-A416-4B28-BB65-D7D99374E406}.Debug|x64.Deploy.0 = Debug|Any CPU
		{9C64B6A3-A416-4B28-BB65-D7D99374E406}.Debug|x86.ActiveCfg = Debug|Any CPU
		{9C64B6A3-A416-4B28-BB65-D7D99374E406}.Debug|x86.Build.0 = Debug|Any CPU
		{9C64B6A3-A416-4B28-BB65-D7D99374E406}.Debug|x86.Deploy.0 = Debug|Any CPU
		{9C64B6A3-A416-4B28-BB65-D7D99374E406}.Release|Any CPU.ActiveCfg = Release|Any CPU
		{9C64B6A3-A416-4B28-BB65-D7D99374E406}.Release|Any CPU.Build.0 = Release|Any CPU
		{9C64B6A3-A416-4B28-BB65-D7D99374E406}.Release|Any CPU.Deploy.0 = Release|Any CPU
		{9C64B6A3-A416-4B28-BB65-D7D99374E406}.Release|ARM.ActiveCfg = Release|Any CPU
		{9C64B6A3-A416-4B28-BB65-D7D99374E406}.Release|ARM.Build.0 = Release|Any CPU
		{9C64B6A3-A416-4B28-BB65-D7D99374E406}.Release|ARM.Deploy.0 = Release|Any CPU
		{9C64B6A3-A416-4B28-BB65-D7D99374E406}.Release|iPhone.ActiveCfg = Release|Any CPU
		{9C64B6A3-A416-4B28-BB65-D7D99374E406}.Release|iPhone.Build.0 = Release|Any CPU
		{9C64B6A3-A416-4B28-BB65-D7D99374E406}.Release|iPhone.Deploy.0 = Release|Any CPU
		{9C64B6A3-A416-4B28-BB65-D7D99374E406}.Release|iPhoneSimulator.ActiveCfg = Release|Any CPU
		{9C64B6A3-A416-4B28-BB65-D7D99374E406}.Release|iPhoneSimulator.Build.0 = Release|Any CPU
		{9C64B6A3-A416-4B28-BB65-D7D99374E406}.Release|iPhoneSimulator.Deploy.0 = Release|Any CPU
		{9C64B6A3-A416-4B28-BB65-D7D99374E406}.Release|x64.ActiveCfg = Release|Any CPU
		{9C64B6A3-A416-4B28-BB65-D7D99374E406}.Release|x64.Build.0 = Release|Any CPU
		{9C64B6A3-A416-4B28-BB65-D7D99374E406}.Release|x64.Deploy.0 = Release|Any CPU
		{9C64B6A3-A416-4B28-BB65-D7D99374E406}.Release|x86.ActiveCfg = Release|Any CPU
		{9C64B6A3-A416-4B28-BB65-D7D99374E406}.Release|x86.Build.0 = Release|Any CPU
		{9C64B6A3-A416-4B28-BB65-D7D99374E406}.Release|x86.Deploy.0 = Release|Any CPU
		{928115D5-BD42-4101-B943-B39137259ACF}.Ad-Hoc|Any CPU.ActiveCfg = Ad-Hoc|iPhone
		{928115D5-BD42-4101-B943-B39137259ACF}.Ad-Hoc|Any CPU.Build.0 = Ad-Hoc|iPhone
		{928115D5-BD42-4101-B943-B39137259ACF}.Ad-Hoc|Any CPU.Deploy.0 = Ad-Hoc|iPhone
		{928115D5-BD42-4101-B943-B39137259ACF}.Ad-Hoc|ARM.ActiveCfg = Ad-Hoc|iPhone
		{928115D5-BD42-4101-B943-B39137259ACF}.Ad-Hoc|ARM.Build.0 = Ad-Hoc|iPhone
		{928115D5-BD42-4101-B943-B39137259ACF}.Ad-Hoc|ARM.Deploy.0 = Ad-Hoc|iPhone
		{928115D5-BD42-4101-B943-B39137259ACF}.Ad-Hoc|iPhone.ActiveCfg = Ad-Hoc|iPhone
		{928115D5-BD42-4101-B943-B39137259ACF}.Ad-Hoc|iPhone.Build.0 = Ad-Hoc|iPhone
		{928115D5-BD42-4101-B943-B39137259ACF}.Ad-Hoc|iPhone.Deploy.0 = Ad-Hoc|iPhone
		{928115D5-BD42-4101-B943-B39137259ACF}.Ad-Hoc|iPhoneSimulator.ActiveCfg = Ad-Hoc|iPhoneSimulator
		{928115D5-BD42-4101-B943-B39137259ACF}.Ad-Hoc|iPhoneSimulator.Build.0 = Ad-Hoc|iPhoneSimulator
		{928115D5-BD42-4101-B943-B39137259ACF}.Ad-Hoc|iPhoneSimulator.Deploy.0 = Ad-Hoc|iPhoneSimulator
		{928115D5-BD42-4101-B943-B39137259ACF}.Ad-Hoc|x64.ActiveCfg = Ad-Hoc|iPhone
		{928115D5-BD42-4101-B943-B39137259ACF}.Ad-Hoc|x64.Build.0 = Ad-Hoc|iPhone
		{928115D5-BD42-4101-B943-B39137259ACF}.Ad-Hoc|x64.Deploy.0 = Ad-Hoc|iPhone
		{928115D5-BD42-4101-B943-B39137259ACF}.Ad-Hoc|x86.ActiveCfg = Ad-Hoc|iPhone
		{928115D5-BD42-4101-B943-B39137259ACF}.Ad-Hoc|x86.Build.0 = Ad-Hoc|iPhone
		{928115D5-BD42-4101-B943-B39137259ACF}.Ad-Hoc|x86.Deploy.0 = Ad-Hoc|iPhone
		{928115D5-BD42-4101-B943-B39137259ACF}.AppStore|Any CPU.ActiveCfg = AppStore|iPhone
		{928115D5-BD42-4101-B943-B39137259ACF}.AppStore|Any CPU.Build.0 = AppStore|iPhone
		{928115D5-BD42-4101-B943-B39137259ACF}.AppStore|Any CPU.Deploy.0 = AppStore|iPhone
		{928115D5-BD42-4101-B943-B39137259ACF}.AppStore|ARM.ActiveCfg = AppStore|iPhone
		{928115D5-BD42-4101-B943-B39137259ACF}.AppStore|ARM.Build.0 = AppStore|iPhone
		{928115D5-BD42-4101-B943-B39137259ACF}.AppStore|ARM.Deploy.0 = AppStore|iPhone
		{928115D5-BD42-4101-B943-B39137259ACF}.AppStore|iPhone.ActiveCfg = AppStore|iPhone
		{928115D5-BD42-4101-B943-B39137259ACF}.AppStore|iPhone.Build.0 = AppStore|iPhone
		{928115D5-BD42-4101-B943-B39137259ACF}.AppStore|iPhone.Deploy.0 = AppStore|iPhone
		{928115D5-BD42-4101-B943-B39137259ACF}.AppStore|iPhoneSimulator.ActiveCfg = AppStore|iPhoneSimulator
		{928115D5-BD42-4101-B943-B39137259ACF}.AppStore|iPhoneSimulator.Build.0 = AppStore|iPhoneSimulator
		{928115D5-BD42-4101-B943-B39137259ACF}.AppStore|iPhoneSimulator.Deploy.0 = AppStore|iPhoneSimulator
		{928115D5-BD42-4101-B943-B39137259ACF}.AppStore|x64.ActiveCfg = AppStore|iPhone
		{928115D5-BD42-4101-B943-B39137259ACF}.AppStore|x64.Build.0 = AppStore|iPhone
		{928115D5-BD42-4101-B943-B39137259ACF}.AppStore|x64.Deploy.0 = AppStore|iPhone
		{928115D5-BD42-4101-B943-B39137259ACF}.AppStore|x86.ActiveCfg = AppStore|iPhone
		{928115D5-BD42-4101-B943-B39137259ACF}.AppStore|x86.Build.0 = AppStore|iPhone
		{928115D5-BD42-4101-B943-B39137259ACF}.AppStore|x86.Deploy.0 = AppStore|iPhone
		{928115D5-BD42-4101-B943-B39137259ACF}.Debug|Any CPU.ActiveCfg = Debug|iPhoneSimulator
		{928115D5-BD42-4101-B943-B39137259ACF}.Debug|Any CPU.Build.0 = Debug|iPhoneSimulator
		{928115D5-BD42-4101-B943-B39137259ACF}.Debug|Any CPU.Deploy.0 = Debug|iPhoneSimulator
		{928115D5-BD42-4101-B943-B39137259ACF}.Debug|ARM.ActiveCfg = Debug|iPhone
		{928115D5-BD42-4101-B943-B39137259ACF}.Debug|ARM.Build.0 = Debug|iPhone
		{928115D5-BD42-4101-B943-B39137259ACF}.Debug|ARM.Deploy.0 = Debug|iPhone
		{928115D5-BD42-4101-B943-B39137259ACF}.Debug|iPhone.ActiveCfg = Debug|iPhone
		{928115D5-BD42-4101-B943-B39137259ACF}.Debug|iPhone.Build.0 = Debug|iPhone
		{928115D5-BD42-4101-B943-B39137259ACF}.Debug|iPhone.Deploy.0 = Debug|iPhone
		{928115D5-BD42-4101-B943-B39137259ACF}.Debug|iPhoneSimulator.ActiveCfg = Debug|iPhoneSimulator
		{928115D5-BD42-4101-B943-B39137259ACF}.Debug|iPhoneSimulator.Build.0 = Debug|iPhoneSimulator
		{928115D5-BD42-4101-B943-B39137259ACF}.Debug|iPhoneSimulator.Deploy.0 = Debug|iPhoneSimulator
		{928115D5-BD42-4101-B943-B39137259ACF}.Debug|x64.ActiveCfg = Debug|iPhone
		{928115D5-BD42-4101-B943-B39137259ACF}.Debug|x64.Build.0 = Debug|iPhone
		{928115D5-BD42-4101-B943-B39137259ACF}.Debug|x64.Deploy.0 = Debug|iPhone
		{928115D5-BD42-4101-B943-B39137259ACF}.Debug|x86.ActiveCfg = Debug|iPhone
		{928115D5-BD42-4101-B943-B39137259ACF}.Debug|x86.Build.0 = Debug|iPhone
		{928115D5-BD42-4101-B943-B39137259ACF}.Debug|x86.Deploy.0 = Debug|iPhone
		{928115D5-BD42-4101-B943-B39137259ACF}.Release|Any CPU.ActiveCfg = Release|iPhone
		{928115D5-BD42-4101-B943-B39137259ACF}.Release|Any CPU.Build.0 = Release|iPhone
		{928115D5-BD42-4101-B943-B39137259ACF}.Release|Any CPU.Deploy.0 = Release|iPhone
		{928115D5-BD42-4101-B943-B39137259ACF}.Release|ARM.ActiveCfg = Release|iPhone
		{928115D5-BD42-4101-B943-B39137259ACF}.Release|ARM.Build.0 = Release|iPhone
		{928115D5-BD42-4101-B943-B39137259ACF}.Release|ARM.Deploy.0 = Release|iPhone
		{928115D5-BD42-4101-B943-B39137259ACF}.Release|iPhone.ActiveCfg = Release|iPhone
		{928115D5-BD42-4101-B943-B39137259ACF}.Release|iPhone.Build.0 = Release|iPhone
		{928115D5-BD42-4101-B943-B39137259ACF}.Release|iPhone.Deploy.0 = Release|iPhone
		{928115D5-BD42-4101-B943-B39137259ACF}.Release|iPhoneSimulator.ActiveCfg = Release|iPhoneSimulator
		{928115D5-BD42-4101-B943-B39137259ACF}.Release|iPhoneSimulator.Build.0 = Release|iPhoneSimulator
		{928115D5-BD42-4101-B943-B39137259ACF}.Release|iPhoneSimulator.Deploy.0 = Release|iPhoneSimulator
		{928115D5-BD42-4101-B943-B39137259ACF}.Release|x64.ActiveCfg = Release|iPhone
		{928115D5-BD42-4101-B943-B39137259ACF}.Release|x64.Build.0 = Release|iPhone
		{928115D5-BD42-4101-B943-B39137259ACF}.Release|x64.Deploy.0 = Release|iPhone
		{928115D5-BD42-4101-B943-B39137259ACF}.Release|x86.ActiveCfg = Release|iPhone
		{928115D5-BD42-4101-B943-B39137259ACF}.Release|x86.Build.0 = Release|iPhone
		{928115D5-BD42-4101-B943-B39137259ACF}.Release|x86.Deploy.0 = Release|iPhone
		{3636331F-4FD5-464A-B4DA-F5BA0F5E67CB}.Ad-Hoc|Any CPU.ActiveCfg = Release|x86
		{3636331F-4FD5-464A-B4DA-F5BA0F5E67CB}.Ad-Hoc|Any CPU.Build.0 = Release|x86
		{3636331F-4FD5-464A-B4DA-F5BA0F5E67CB}.Ad-Hoc|Any CPU.Deploy.0 = Release|x86
		{3636331F-4FD5-464A-B4DA-F5BA0F5E67CB}.Ad-Hoc|ARM.ActiveCfg = Release|ARM
		{3636331F-4FD5-464A-B4DA-F5BA0F5E67CB}.Ad-Hoc|ARM.Build.0 = Release|ARM
		{3636331F-4FD5-464A-B4DA-F5BA0F5E67CB}.Ad-Hoc|ARM.Deploy.0 = Release|ARM
		{3636331F-4FD5-464A-B4DA-F5BA0F5E67CB}.Ad-Hoc|iPhone.ActiveCfg = Release|x86
		{3636331F-4FD5-464A-B4DA-F5BA0F5E67CB}.Ad-Hoc|iPhone.Build.0 = Release|x86
		{3636331F-4FD5-464A-B4DA-F5BA0F5E67CB}.Ad-Hoc|iPhone.Deploy.0 = Release|x86
		{3636331F-4FD5-464A-B4DA-F5BA0F5E67CB}.Ad-Hoc|iPhoneSimulator.ActiveCfg = Release|x86
		{3636331F-4FD5-464A-B4DA-F5BA0F5E67CB}.Ad-Hoc|iPhoneSimulator.Build.0 = Release|x86
		{3636331F-4FD5-464A-B4DA-F5BA0F5E67CB}.Ad-Hoc|iPhoneSimulator.Deploy.0 = Release|x86
		{3636331F-4FD5-464A-B4DA-F5BA0F5E67CB}.Ad-Hoc|x64.ActiveCfg = Release|x64
		{3636331F-4FD5-464A-B4DA-F5BA0F5E67CB}.Ad-Hoc|x64.Build.0 = Release|x64
		{3636331F-4FD5-464A-B4DA-F5BA0F5E67CB}.Ad-Hoc|x64.Deploy.0 = Release|x64
		{3636331F-4FD5-464A-B4DA-F5BA0F5E67CB}.Ad-Hoc|x86.ActiveCfg = Release|x86
		{3636331F-4FD5-464A-B4DA-F5BA0F5E67CB}.Ad-Hoc|x86.Build.0 = Release|x86
		{3636331F-4FD5-464A-B4DA-F5BA0F5E67CB}.Ad-Hoc|x86.Deploy.0 = Release|x86
		{3636331F-4FD5-464A-B4DA-F5BA0F5E67CB}.AppStore|Any CPU.ActiveCfg = Release|x86
		{3636331F-4FD5-464A-B4DA-F5BA0F5E67CB}.AppStore|Any CPU.Build.0 = Release|x86
		{3636331F-4FD5-464A-B4DA-F5BA0F5E67CB}.AppStore|Any CPU.Deploy.0 = Release|x86
		{3636331F-4FD5-464A-B4DA-F5BA0F5E67CB}.AppStore|ARM.ActiveCfg = Release|ARM
		{3636331F-4FD5-464A-B4DA-F5BA0F5E67CB}.AppStore|ARM.Build.0 = Release|ARM
		{3636331F-4FD5-464A-B4DA-F5BA0F5E67CB}.AppStore|ARM.Deploy.0 = Release|ARM
		{3636331F-4FD5-464A-B4DA-F5BA0F5E67CB}.AppStore|iPhone.ActiveCfg = Release|x86
		{3636331F-4FD5-464A-B4DA-F5BA0F5E67CB}.AppStore|iPhone.Build.0 = Release|x86
		{3636331F-4FD5-464A-B4DA-F5BA0F5E67CB}.AppStore|iPhone.Deploy.0 = Release|x86
		{3636331F-4FD5-464A-B4DA-F5BA0F5E67CB}.AppStore|iPhoneSimulator.ActiveCfg = Release|x86
		{3636331F-4FD5-464A-B4DA-F5BA0F5E67CB}.AppStore|iPhoneSimulator.Build.0 = Release|x86
		{3636331F-4FD5-464A-B4DA-F5BA0F5E67CB}.AppStore|iPhoneSimulator.Deploy.0 = Release|x86
		{3636331F-4FD5-464A-B4DA-F5BA0F5E67CB}.AppStore|x64.ActiveCfg = Release|x64
		{3636331F-4FD5-464A-B4DA-F5BA0F5E67CB}.AppStore|x64.Build.0 = Release|x64
		{3636331F-4FD5-464A-B4DA-F5BA0F5E67CB}.AppStore|x64.Deploy.0 = Release|x64
		{3636331F-4FD5-464A-B4DA-F5BA0F5E67CB}.AppStore|x86.ActiveCfg = Release|x86
		{3636331F-4FD5-464A-B4DA-F5BA0F5E67CB}.AppStore|x86.Build.0 = Release|x86
		{3636331F-4FD5-464A-B4DA-F5BA0F5E67CB}.AppStore|x86.Deploy.0 = Release|x86
		{3636331F-4FD5-464A-B4DA-F5BA0F5E67CB}.Debug|Any CPU.ActiveCfg = Debug|x86
		{3636331F-4FD5-464A-B4DA-F5BA0F5E67CB}.Debug|Any CPU.Build.0 = Debug|x86
		{3636331F-4FD5-464A-B4DA-F5BA0F5E67CB}.Debug|Any CPU.Deploy.0 = Debug|x86
		{3636331F-4FD5-464A-B4DA-F5BA0F5E67CB}.Debug|ARM.ActiveCfg = Debug|ARM
		{3636331F-4FD5-464A-B4DA-F5BA0F5E67CB}.Debug|ARM.Build.0 = Debug|ARM
		{3636331F-4FD5-464A-B4DA-F5BA0F5E67CB}.Debug|ARM.Deploy.0 = Debug|ARM
		{3636331F-4FD5-464A-B4DA-F5BA0F5E67CB}.Debug|iPhone.ActiveCfg = Debug|x86
		{3636331F-4FD5-464A-B4DA-F5BA0F5E67CB}.Debug|iPhone.Build.0 = Debug|x86
		{3636331F-4FD5-464A-B4DA-F5BA0F5E67CB}.Debug|iPhone.Deploy.0 = Debug|x86
		{3636331F-4FD5-464A-B4DA-F5BA0F5E67CB}.Debug|iPhoneSimulator.ActiveCfg = Debug|x86
		{3636331F-4FD5-464A-B4DA-F5BA0F5E67CB}.Debug|iPhoneSimulator.Build.0 = Debug|x86
		{3636331F-4FD5-464A-B4DA-F5BA0F5E67CB}.Debug|iPhoneSimulator.Deploy.0 = Debug|x86
		{3636331F-4FD5-464A-B4DA-F5BA0F5E67CB}.Debug|x64.ActiveCfg = Debug|x64
		{3636331F-4FD5-464A-B4DA-F5BA0F5E67CB}.Debug|x64.Build.0 = Debug|x64
		{3636331F-4FD5-464A-B4DA-F5BA0F5E67CB}.Debug|x64.Deploy.0 = Debug|x64
		{3636331F-4FD5-464A-B4DA-F5BA0F5E67CB}.Debug|x86.ActiveCfg = Debug|x86
		{3636331F-4FD5-464A-B4DA-F5BA0F5E67CB}.Debug|x86.Build.0 = Debug|x86
		{3636331F-4FD5-464A-B4DA-F5BA0F5E67CB}.Debug|x86.Deploy.0 = Debug|x86
		{3636331F-4FD5-464A-B4DA-F5BA0F5E67CB}.Release|Any CPU.ActiveCfg = Release|x86
		{3636331F-4FD5-464A-B4DA-F5BA0F5E67CB}.Release|Any CPU.Build.0 = Release|x86
		{3636331F-4FD5-464A-B4DA-F5BA0F5E67CB}.Release|Any CPU.Deploy.0 = Release|x86
		{3636331F-4FD5-464A-B4DA-F5BA0F5E67CB}.Release|ARM.ActiveCfg = Release|ARM
		{3636331F-4FD5-464A-B4DA-F5BA0F5E67CB}.Release|ARM.Build.0 = Release|ARM
		{3636331F-4FD5-464A-B4DA-F5BA0F5E67CB}.Release|ARM.Deploy.0 = Release|ARM
		{3636331F-4FD5-464A-B4DA-F5BA0F5E67CB}.Release|iPhone.ActiveCfg = Release|x86
		{3636331F-4FD5-464A-B4DA-F5BA0F5E67CB}.Release|iPhone.Build.0 = Release|x86
		{3636331F-4FD5-464A-B4DA-F5BA0F5E67CB}.Release|iPhone.Deploy.0 = Release|x86
		{3636331F-4FD5-464A-B4DA-F5BA0F5E67CB}.Release|iPhoneSimulator.ActiveCfg = Release|x86
		{3636331F-4FD5-464A-B4DA-F5BA0F5E67CB}.Release|iPhoneSimulator.Build.0 = Release|x86
		{3636331F-4FD5-464A-B4DA-F5BA0F5E67CB}.Release|iPhoneSimulator.Deploy.0 = Release|x86
		{3636331F-4FD5-464A-B4DA-F5BA0F5E67CB}.Release|x64.ActiveCfg = Release|x64
		{3636331F-4FD5-464A-B4DA-F5BA0F5E67CB}.Release|x64.Build.0 = Release|x64
		{3636331F-4FD5-464A-B4DA-F5BA0F5E67CB}.Release|x64.Deploy.0 = Release|x64
		{3636331F-4FD5-464A-B4DA-F5BA0F5E67CB}.Release|x86.ActiveCfg = Release|x86
		{3636331F-4FD5-464A-B4DA-F5BA0F5E67CB}.Release|x86.Build.0 = Release|x86
		{3636331F-4FD5-464A-B4DA-F5BA0F5E67CB}.Release|x86.Deploy.0 = Release|x86
		{EC0E5BBE-B2A2-43D2-9505-EA8FEDE9A056}.Ad-Hoc|Any CPU.ActiveCfg = Debug|Any CPU
		{EC0E5BBE-B2A2-43D2-9505-EA8FEDE9A056}.Ad-Hoc|Any CPU.Build.0 = Debug|Any CPU
		{EC0E5BBE-B2A2-43D2-9505-EA8FEDE9A056}.Ad-Hoc|Any CPU.Deploy.0 = Debug|Any CPU
		{EC0E5BBE-B2A2-43D2-9505-EA8FEDE9A056}.Ad-Hoc|ARM.ActiveCfg = Debug|Any CPU
		{EC0E5BBE-B2A2-43D2-9505-EA8FEDE9A056}.Ad-Hoc|ARM.Build.0 = Debug|Any CPU
		{EC0E5BBE-B2A2-43D2-9505-EA8FEDE9A056}.Ad-Hoc|ARM.Deploy.0 = Debug|Any CPU
		{EC0E5BBE-B2A2-43D2-9505-EA8FEDE9A056}.Ad-Hoc|iPhone.ActiveCfg = Debug|Any CPU
		{EC0E5BBE-B2A2-43D2-9505-EA8FEDE9A056}.Ad-Hoc|iPhone.Build.0 = Debug|Any CPU
		{EC0E5BBE-B2A2-43D2-9505-EA8FEDE9A056}.Ad-Hoc|iPhone.Deploy.0 = Debug|Any CPU
		{EC0E5BBE-B2A2-43D2-9505-EA8FEDE9A056}.Ad-Hoc|iPhoneSimulator.ActiveCfg = Debug|Any CPU
		{EC0E5BBE-B2A2-43D2-9505-EA8FEDE9A056}.Ad-Hoc|iPhoneSimulator.Build.0 = Debug|Any CPU
		{EC0E5BBE-B2A2-43D2-9505-EA8FEDE9A056}.Ad-Hoc|iPhoneSimulator.Deploy.0 = Debug|Any CPU
		{EC0E5BBE-B2A2-43D2-9505-EA8FEDE9A056}.Ad-Hoc|x64.ActiveCfg = Debug|Any CPU
		{EC0E5BBE-B2A2-43D2-9505-EA8FEDE9A056}.Ad-Hoc|x64.Build.0 = Debug|Any CPU
		{EC0E5BBE-B2A2-43D2-9505-EA8FEDE9A056}.Ad-Hoc|x64.Deploy.0 = Debug|Any CPU
		{EC0E5BBE-B2A2-43D2-9505-EA8FEDE9A056}.Ad-Hoc|x86.ActiveCfg = Debug|Any CPU
		{EC0E5BBE-B2A2-43D2-9505-EA8FEDE9A056}.Ad-Hoc|x86.Build.0 = Debug|Any CPU
		{EC0E5BBE-B2A2-43D2-9505-EA8FEDE9A056}.Ad-Hoc|x86.Deploy.0 = Debug|Any CPU
		{EC0E5BBE-B2A2-43D2-9505-EA8FEDE9A056}.AppStore|Any CPU.ActiveCfg = Debug|Any CPU
		{EC0E5BBE-B2A2-43D2-9505-EA8FEDE9A056}.AppStore|Any CPU.Build.0 = Debug|Any CPU
		{EC0E5BBE-B2A2-43D2-9505-EA8FEDE9A056}.AppStore|Any CPU.Deploy.0 = Debug|Any CPU
		{EC0E5BBE-B2A2-43D2-9505-EA8FEDE9A056}.AppStore|ARM.ActiveCfg = Debug|Any CPU
		{EC0E5BBE-B2A2-43D2-9505-EA8FEDE9A056}.AppStore|ARM.Build.0 = Debug|Any CPU
		{EC0E5BBE-B2A2-43D2-9505-EA8FEDE9A056}.AppStore|ARM.Deploy.0 = Debug|Any CPU
		{EC0E5BBE-B2A2-43D2-9505-EA8FEDE9A056}.AppStore|iPhone.ActiveCfg = Debug|Any CPU
		{EC0E5BBE-B2A2-43D2-9505-EA8FEDE9A056}.AppStore|iPhone.Build.0 = Debug|Any CPU
		{EC0E5BBE-B2A2-43D2-9505-EA8FEDE9A056}.AppStore|iPhone.Deploy.0 = Debug|Any CPU
		{EC0E5BBE-B2A2-43D2-9505-EA8FEDE9A056}.AppStore|iPhoneSimulator.ActiveCfg = Debug|Any CPU
		{EC0E5BBE-B2A2-43D2-9505-EA8FEDE9A056}.AppStore|iPhoneSimulator.Build.0 = Debug|Any CPU
		{EC0E5BBE-B2A2-43D2-9505-EA8FEDE9A056}.AppStore|iPhoneSimulator.Deploy.0 = Debug|Any CPU
		{EC0E5BBE-B2A2-43D2-9505-EA8FEDE9A056}.AppStore|x64.ActiveCfg = Debug|Any CPU
		{EC0E5BBE-B2A2-43D2-9505-EA8FEDE9A056}.AppStore|x64.Build.0 = Debug|Any CPU
		{EC0E5BBE-B2A2-43D2-9505-EA8FEDE9A056}.AppStore|x64.Deploy.0 = Debug|Any CPU
		{EC0E5BBE-B2A2-43D2-9505-EA8FEDE9A056}.AppStore|x86.ActiveCfg = Debug|Any CPU
		{EC0E5BBE-B2A2-43D2-9505-EA8FEDE9A056}.AppStore|x86.Build.0 = Debug|Any CPU
		{EC0E5BBE-B2A2-43D2-9505-EA8FEDE9A056}.AppStore|x86.Deploy.0 = Debug|Any CPU
		{EC0E5BBE-B2A2-43D2-9505-EA8FEDE9A056}.Debug|Any CPU.ActiveCfg = Debug|Any CPU
		{EC0E5BBE-B2A2-43D2-9505-EA8FEDE9A056}.Debug|Any CPU.Build.0 = Debug|Any CPU
		{EC0E5BBE-B2A2-43D2-9505-EA8FEDE9A056}.Debug|Any CPU.Deploy.0 = Debug|Any CPU
		{EC0E5BBE-B2A2-43D2-9505-EA8FEDE9A056}.Debug|ARM.ActiveCfg = Debug|Any CPU
		{EC0E5BBE-B2A2-43D2-9505-EA8FEDE9A056}.Debug|ARM.Build.0 = Debug|Any CPU
		{EC0E5BBE-B2A2-43D2-9505-EA8FEDE9A056}.Debug|ARM.Deploy.0 = Debug|Any CPU
		{EC0E5BBE-B2A2-43D2-9505-EA8FEDE9A056}.Debug|iPhone.ActiveCfg = Debug|Any CPU
		{EC0E5BBE-B2A2-43D2-9505-EA8FEDE9A056}.Debug|iPhone.Build.0 = Debug|Any CPU
		{EC0E5BBE-B2A2-43D2-9505-EA8FEDE9A056}.Debug|iPhone.Deploy.0 = Debug|Any CPU
		{EC0E5BBE-B2A2-43D2-9505-EA8FEDE9A056}.Debug|iPhoneSimulator.ActiveCfg = Debug|Any CPU
		{EC0E5BBE-B2A2-43D2-9505-EA8FEDE9A056}.Debug|iPhoneSimulator.Build.0 = Debug|Any CPU
		{EC0E5BBE-B2A2-43D2-9505-EA8FEDE9A056}.Debug|iPhoneSimulator.Deploy.0 = Debug|Any CPU
		{EC0E5BBE-B2A2-43D2-9505-EA8FEDE9A056}.Debug|x64.ActiveCfg = Debug|Any CPU
		{EC0E5BBE-B2A2-43D2-9505-EA8FEDE9A056}.Debug|x64.Build.0 = Debug|Any CPU
		{EC0E5BBE-B2A2-43D2-9505-EA8FEDE9A056}.Debug|x64.Deploy.0 = Debug|Any CPU
		{EC0E5BBE-B2A2-43D2-9505-EA8FEDE9A056}.Debug|x86.ActiveCfg = Debug|Any CPU
		{EC0E5BBE-B2A2-43D2-9505-EA8FEDE9A056}.Debug|x86.Build.0 = Debug|Any CPU
		{EC0E5BBE-B2A2-43D2-9505-EA8FEDE9A056}.Debug|x86.Deploy.0 = Debug|Any CPU
		{EC0E5BBE-B2A2-43D2-9505-EA8FEDE9A056}.Release|Any CPU.ActiveCfg = Release|Any CPU
		{EC0E5BBE-B2A2-43D2-9505-EA8FEDE9A056}.Release|Any CPU.Build.0 = Release|Any CPU
		{EC0E5BBE-B2A2-43D2-9505-EA8FEDE9A056}.Release|Any CPU.Deploy.0 = Release|Any CPU
		{EC0E5BBE-B2A2-43D2-9505-EA8FEDE9A056}.Release|ARM.ActiveCfg = Release|Any CPU
		{EC0E5BBE-B2A2-43D2-9505-EA8FEDE9A056}.Release|ARM.Build.0 = Release|Any CPU
		{EC0E5BBE-B2A2-43D2-9505-EA8FEDE9A056}.Release|ARM.Deploy.0 = Release|Any CPU
		{EC0E5BBE-B2A2-43D2-9505-EA8FEDE9A056}.Release|iPhone.ActiveCfg = Release|Any CPU
		{EC0E5BBE-B2A2-43D2-9505-EA8FEDE9A056}.Release|iPhone.Build.0 = Release|Any CPU
		{EC0E5BBE-B2A2-43D2-9505-EA8FEDE9A056}.Release|iPhone.Deploy.0 = Release|Any CPU
		{EC0E5BBE-B2A2-43D2-9505-EA8FEDE9A056}.Release|iPhoneSimulator.ActiveCfg = Release|Any CPU
		{EC0E5BBE-B2A2-43D2-9505-EA8FEDE9A056}.Release|iPhoneSimulator.Build.0 = Release|Any CPU
		{EC0E5BBE-B2A2-43D2-9505-EA8FEDE9A056}.Release|iPhoneSimulator.Deploy.0 = Release|Any CPU
		{EC0E5BBE-B2A2-43D2-9505-EA8FEDE9A056}.Release|x64.ActiveCfg = Release|Any CPU
		{EC0E5BBE-B2A2-43D2-9505-EA8FEDE9A056}.Release|x64.Build.0 = Release|Any CPU
		{EC0E5BBE-B2A2-43D2-9505-EA8FEDE9A056}.Release|x64.Deploy.0 = Release|Any CPU
		{EC0E5BBE-B2A2-43D2-9505-EA8FEDE9A056}.Release|x86.ActiveCfg = Release|Any CPU
		{EC0E5BBE-B2A2-43D2-9505-EA8FEDE9A056}.Release|x86.Build.0 = Release|Any CPU
		{EC0E5BBE-B2A2-43D2-9505-EA8FEDE9A056}.Release|x86.Deploy.0 = Release|Any CPU
	EndGlobalSection
	GlobalSection(SolutionProperties) = preSolution
		HideSolutionNode = FALSE
	EndGlobalSection
	GlobalSection(ExtensibilityGlobals) = postSolution
		SolutionGuid = {9FCEABD8-4881-4941-AE85-33070A46DBF6}
	EndGlobalSection
EndGlobal
